
Microsoft Visual Studio Solution File, Format Version 12.00
# Visual Studio 15
VisualStudioVersion = 15.0.28307.329
MinimumVisualStudioVersion = 10.0.40219.1
Project("{FAE04EC0-301F-11D3-BF4B-00C04F79EFBC}") = "RocktifyAuthorizationAPI", "RocktifyAuthorizationAPI\RocktifyAuthorizationAPI.csproj", "{373A0A7D-9899-4E4B-A069-9E0C0482A339}"
EndProject
Project("{FAE04EC0-301F-11D3-BF4B-00C04F79EFBC}") = "BLL", "BLL\BLL.csproj", "{61F9550E-97FE-439E-B5A8-4FB00E1E1B9F}"
EndProject
Project("{FAE04EC0-301F-11D3-BF4B-00C04F79EFBC}") = "Model", "Model\Model.csproj", "{073260F6-A2CD-4120-8F16-D23928AFC7F3}"
EndProject
Global
	GlobalSection(SolutionConfigurationPlatforms) = preSolution
		Debug|Any CPU = Debug|Any CPU
		Release|Any CPU = Release|Any CPU
	EndGlobalSection
	GlobalSection(ProjectConfigurationPlatforms) = postSolution
		{373A0A7D-9899-4E4B-A069-9E0C0482A339}.Debug|Any CPU.ActiveCfg = Debug|Any CPU
		{373A0A7D-9899-4E4B-A069-9E0C0482A339}.Debug|Any CPU.Build.0 = Debug|Any CPU
		{373A0A7D-9899-4E4B-A069-9E0C0482A339}.Release|Any CPU.ActiveCfg = Release|Any CPU
		{373A0A7D-9899-4E4B-A069-9E0C0482A339}.Release|Any CPU.Build.0 = Release|Any CPU
		{61F9550E-97FE-439E-B5A8-4FB00E1E1B9F}.Debug|Any CPU.ActiveCfg = Debug|Any CPU
		{61F9550E-97FE-439E-B5A8-4FB00E1E1B9F}.Debug|Any CPU.Build.0 = Debug|Any CPU
		{61F9550E-97FE-439E-B5A8-4FB00E1E1B9F}.Release|Any CPU.ActiveCfg = Release|Any CPU
		{61F9550E-97FE-439E-B5A8-4FB00E1E1B9F}.Release|Any CPU.Build.0 = Release|Any CPU
		{073260F6-A2CD-4120-8F16-D23928AFC7F3}.Debug|Any CPU.ActiveCfg = Debug|Any CPU
		{073260F6-A2CD-4120-8F16-D23928AFC7F3}.Debug|Any CPU.Build.0 = Debug|Any CPU
		{073260F6-A2CD-4120-8F16-D23928AFC7F3}.Release|Any CPU.ActiveCfg = Release|Any CPU
		{073260F6-A2CD-4120-8F16-D23928AFC7F3}.Release|Any CPU.Build.0 = Release|Any CPU
	EndGlobalSection
	GlobalSection(SolutionProperties) = preSolution
		HideSolutionNode = FALSE
	EndGlobalSection
	GlobalSection(ExtensibilityGlobals) = postSolution
		SolutionGuid = {1FE3378C-062A-4BCB-8355-A927D3F7AE20}
	EndGlobalSection
EndGlobal
